// !$*UTF8*$!
{
	archiveVersion = 1;
	classes = {
	};
	objectVersion = 46;
	objects = {

/* Begin PBXBuildFile section */
		572C917B75677F242C85035C /* libPods.a in Frameworks */ = {isa = PBXBuildFile; fileRef = 0B6007F06A3E88CCAEDED369 /* libPods.a */; };
		CA1E624B1A24D6840025A6A6 /* Launch Screen.xib in Resources */ = {isa = PBXBuildFile; fileRef = CA1E624A1A24D6840025A6A6 /* Launch Screen.xib */; };
		CABBCD2A189520D50006213F /* Foundation.framework in Frameworks */ = {isa = PBXBuildFile; fileRef = CABBCD29189520D50006213F /* Foundation.framework */; };
		CABBCD2C189520D50006213F /* CoreGraphics.framework in Frameworks */ = {isa = PBXBuildFile; fileRef = CABBCD2B189520D50006213F /* CoreGraphics.framework */; };
		CABBCD2E189520D50006213F /* UIKit.framework in Frameworks */ = {isa = PBXBuildFile; fileRef = CABBCD2D189520D50006213F /* UIKit.framework */; };
		CABBCD36189520D50006213F /* main.m in Sources */ = {isa = PBXBuildFile; fileRef = CABBCD35189520D50006213F /* main.m */; };
		CABBCD3A189520D50006213F /* RMAppDelegate.m in Sources */ = {isa = PBXBuildFile; fileRef = CABBCD39189520D50006213F /* RMAppDelegate.m */; };
		CABBCD45189520D50006213F /* Images.xcassets in Resources */ = {isa = PBXBuildFile; fileRef = CABBCD44189520D50006213F /* Images.xcassets */; };
		CABBCD82189521D10006213F /* Main.storyboard in Resources */ = {isa = PBXBuildFile; fileRef = CABBCD7B189521D10006213F /* Main.storyboard */; };
		CABBCD85189521D10006213F /* RMViewController.m in Sources */ = {isa = PBXBuildFile; fileRef = CABBCD81189521D10006213F /* RMViewController.m */; };
		CABBCD861895351E0006213F /* RMPickerViewController.m in Sources */ = {isa = PBXBuildFile; fileRef = CABBCD79189521C00006213F /* RMPickerViewController.m */; };
		CACEDE441AD15C7500A49ECF /* MainInterface.storyboard in Resources */ = {isa = PBXBuildFile; fileRef = CACEDE431AD15C7500A49ECF /* MainInterface.storyboard */; };
		CACEDE471AD15C7500A49ECF /* RMPickerViewController-DemoExtension.appex in Embed App Extensions */ = {isa = PBXBuildFile; fileRef = CACEDE3C1AD15C7500A49ECF /* RMPickerViewController-DemoExtension.appex */; settings = {ATTRIBUTES = (RemoveHeadersOnCopy, ); }; };
		CACEDE4C1AD15C8200A49ECF /* RMViewController.m in Sources */ = {isa = PBXBuildFile; fileRef = CABBCD81189521D10006213F /* RMViewController.m */; };
		CACEDE4D1AD15C8400A49ECF /* RMPickerViewController.m in Sources */ = {isa = PBXBuildFile; fileRef = CABBCD79189521C00006213F /* RMPickerViewController.m */; };
		F562FC195B2EFBDB0B0B0B2E /* libPods.a in Frameworks */ = {isa = PBXBuildFile; fileRef = 0B6007F06A3E88CCAEDED369 /* libPods.a */; };
/* End PBXBuildFile section */

/* Begin PBXContainerItemProxy section */
		CACEDE451AD15C7500A49ECF /* PBXContainerItemProxy */ = {
			isa = PBXContainerItemProxy;
			containerPortal = CABBCD1E189520D50006213F /* Project object */;
			proxyType = 1;
			remoteGlobalIDString = CACEDE3B1AD15C7500A49ECF;
			remoteInfo = "RMPickerViewController-DemoExtension";
		};
/* End PBXContainerItemProxy section */

/* Begin PBXCopyFilesBuildPhase section */
		CACEDE4B1AD15C7500A49ECF /* Embed App Extensions */ = {
			isa = PBXCopyFilesBuildPhase;
			buildActionMask = 2147483647;
			dstPath = "";
			dstSubfolderSpec = 13;
			files = (
				CACEDE471AD15C7500A49ECF /* RMPickerViewController-DemoExtension.appex in Embed App Extensions */,
			);
			name = "Embed App Extensions";
			runOnlyForDeploymentPostprocessing = 0;
		};
/* End PBXCopyFilesBuildPhase section */

/* Begin PBXFileReference section */
		0B6007F06A3E88CCAEDED369 /* libPods.a */ = {isa = PBXFileReference; explicitFileType = archive.ar; includeInIndex = 0; path = libPods.a; sourceTree = BUILT_PRODUCTS_DIR; };
		379C4BE9D5C0080CB2E1D517 /* Pods.release.xcconfig */ = {isa = PBXFileReference; includeInIndex = 1; lastKnownFileType = text.xcconfig; name = Pods.release.xcconfig; path = "Pods/Target Support Files/Pods/Pods.release.xcconfig"; sourceTree = "<group>"; };
		CA1E624A1A24D6840025A6A6 /* Launch Screen.xib */ = {isa = PBXFileReference; fileEncoding = 4; lastKnownFileType = file.xib; path = "Launch Screen.xib"; sourceTree = "<group>"; };
		CABBCD26189520D50006213F /* RMPickerViewController-Demo.app */ = {isa = PBXFileReference; explicitFileType = wrapper.application; includeInIndex = 0; path = "RMPickerViewController-Demo.app"; sourceTree = BUILT_PRODUCTS_DIR; };
		CABBCD29189520D50006213F /* Foundation.framework */ = {isa = PBXFileReference; lastKnownFileType = wrapper.framework; name = Foundation.framework; path = System/Library/Frameworks/Foundation.framework; sourceTree = SDKROOT; };
		CABBCD2B189520D50006213F /* CoreGraphics.framework */ = {isa = PBXFileReference; lastKnownFileType = wrapper.framework; name = CoreGraphics.framework; path = System/Library/Frameworks/CoreGraphics.framework; sourceTree = SDKROOT; };
		CABBCD2D189520D50006213F /* UIKit.framework */ = {isa = PBXFileReference; lastKnownFileType = wrapper.framework; name = UIKit.framework; path = System/Library/Frameworks/UIKit.framework; sourceTree = SDKROOT; };
		CABBCD35189520D50006213F /* main.m */ = {isa = PBXFileReference; lastKnownFileType = sourcecode.c.objc; path = main.m; sourceTree = "<group>"; };
		CABBCD38189520D50006213F /* RMAppDelegate.h */ = {isa = PBXFileReference; lastKnownFileType = sourcecode.c.h; path = RMAppDelegate.h; sourceTree = "<group>"; };
		CABBCD39189520D50006213F /* RMAppDelegate.m */ = {isa = PBXFileReference; lastKnownFileType = sourcecode.c.objc; path = RMAppDelegate.m; sourceTree = "<group>"; };
		CABBCD44189520D50006213F /* Images.xcassets */ = {isa = PBXFileReference; lastKnownFileType = folder.assetcatalog; path = Images.xcassets; sourceTree = "<group>"; };
		CABBCD4B189520D60006213F /* XCTest.framework */ = {isa = PBXFileReference; lastKnownFileType = wrapper.framework; name = XCTest.framework; path = Library/Frameworks/XCTest.framework; sourceTree = DEVELOPER_DIR; };
		CABBCD78189521C00006213F /* RMPickerViewController.h */ = {isa = PBXFileReference; fileEncoding = 4; lastKnownFileType = sourcecode.c.h; path = RMPickerViewController.h; sourceTree = "<group>"; };
		CABBCD79189521C00006213F /* RMPickerViewController.m */ = {isa = PBXFileReference; fileEncoding = 4; lastKnownFileType = sourcecode.c.objc; path = RMPickerViewController.m; sourceTree = "<group>"; };
		CABBCD7B189521D10006213F /* Main.storyboard */ = {isa = PBXFileReference; fileEncoding = 4; lastKnownFileType = file.storyboard; path = Main.storyboard; sourceTree = "<group>"; };
		CABBCD7C189521D10006213F /* RMPickerViewController-Demo-Info.plist */ = {isa = PBXFileReference; fileEncoding = 4; lastKnownFileType = text.plist.xml; path = "RMPickerViewController-Demo-Info.plist"; sourceTree = "<group>"; };
		CABBCD7D189521D10006213F /* RMPickerViewController-Demo-Prefix.pch */ = {isa = PBXFileReference; fileEncoding = 4; lastKnownFileType = sourcecode.c.h; path = "RMPickerViewController-Demo-Prefix.pch"; sourceTree = "<group>"; };
		CABBCD80189521D10006213F /* RMViewController.h */ = {isa = PBXFileReference; fileEncoding = 4; lastKnownFileType = sourcecode.c.h; path = RMViewController.h; sourceTree = "<group>"; };
		CABBCD81189521D10006213F /* RMViewController.m */ = {isa = PBXFileReference; fileEncoding = 4; lastKnownFileType = sourcecode.c.objc; path = RMViewController.m; sourceTree = "<group>"; };
		CACEDE3C1AD15C7500A49ECF /* RMPickerViewController-DemoExtension.appex */ = {isa = PBXFileReference; explicitFileType = "wrapper.app-extension"; includeInIndex = 0; path = "RMPickerViewController-DemoExtension.appex"; sourceTree = BUILT_PRODUCTS_DIR; };
		CACEDE3F1AD15C7500A49ECF /* Info.plist */ = {isa = PBXFileReference; lastKnownFileType = text.plist.xml; path = Info.plist; sourceTree = "<group>"; };
		CACEDE431AD15C7500A49ECF /* MainInterface.storyboard */ = {isa = PBXFileReference; lastKnownFileType = file.storyboard; path = MainInterface.storyboard; sourceTree = "<group>"; };
		F9C0951546FA61A4F6301D66 /* Pods.debug.xcconfig */ = {isa = PBXFileReference; includeInIndex = 1; lastKnownFileType = text.xcconfig; name = Pods.debug.xcconfig; path = "Pods/Target Support Files/Pods/Pods.debug.xcconfig"; sourceTree = "<group>"; };
/* End PBXFileReference section */

/* Begin PBXFrameworksBuildPhase section */
		CABBCD23189520D50006213F /* Frameworks */ = {
			isa = PBXFrameworksBuildPhase;
			buildActionMask = 2147483647;
			files = (
				CABBCD2C189520D50006213F /* CoreGraphics.framework in Frameworks */,
				CABBCD2E189520D50006213F /* UIKit.framework in Frameworks */,
				CABBCD2A189520D50006213F /* Foundation.framework in Frameworks */,
				F562FC195B2EFBDB0B0B0B2E /* libPods.a in Frameworks */,
			);
			runOnlyForDeploymentPostprocessing = 0;
		};
		CACEDE391AD15C7500A49ECF /* Frameworks */ = {
			isa = PBXFrameworksBuildPhase;
			buildActionMask = 2147483647;
			files = (
				572C917B75677F242C85035C /* libPods.a in Frameworks */,
			);
			runOnlyForDeploymentPostprocessing = 0;
		};
/* End PBXFrameworksBuildPhase section */

/* Begin PBXGroup section */
		CA17B2C4B4306E1A50D53B69 /* Pods */ = {
			isa = PBXGroup;
			children = (
				F9C0951546FA61A4F6301D66 /* Pods.debug.xcconfig */,
				379C4BE9D5C0080CB2E1D517 /* Pods.release.xcconfig */,
			);
			name = Pods;
			sourceTree = "<group>";
		};
		CABBCD1D189520D50006213F = {
			isa = PBXGroup;
			children = (
				CABBCD771895212F0006213F /* RMPickerViewController */,
				CABBCD2F189520D50006213F /* RMPickerViewController-Demo */,
				CACEDE3D1AD15C7500A49ECF /* RMPickerViewController-DemoExtension */,
				CABBCD28189520D50006213F /* Frameworks */,
				CABBCD27189520D50006213F /* Products */,
				CA17B2C4B4306E1A50D53B69 /* Pods */,
			);
			sourceTree = "<group>";
		};
		CABBCD27189520D50006213F /* Products */ = {
			isa = PBXGroup;
			children = (
				CABBCD26189520D50006213F /* RMPickerViewController-Demo.app */,
				CACEDE3C1AD15C7500A49ECF /* RMPickerViewController-DemoExtension.appex */,
			);
			name = Products;
			sourceTree = "<group>";
		};
		CABBCD28189520D50006213F /* Frameworks */ = {
			isa = PBXGroup;
			children = (
				CABBCD29189520D50006213F /* Foundation.framework */,
				CABBCD2B189520D50006213F /* CoreGraphics.framework */,
				CABBCD2D189520D50006213F /* UIKit.framework */,
				CABBCD4B189520D60006213F /* XCTest.framework */,
				0B6007F06A3E88CCAEDED369 /* libPods.a */,
			);
			name = Frameworks;
			sourceTree = "<group>";
		};
		CABBCD2F189520D50006213F /* RMPickerViewController-Demo */ = {
			isa = PBXGroup;
			children = (
				CA1E624A1A24D6840025A6A6 /* Launch Screen.xib */,
				CABBCD38189520D50006213F /* RMAppDelegate.h */,
				CABBCD39189520D50006213F /* RMAppDelegate.m */,
				CABBCD7B189521D10006213F /* Main.storyboard */,
				CABBCD80189521D10006213F /* RMViewController.h */,
				CABBCD81189521D10006213F /* RMViewController.m */,
				CABBCD44189520D50006213F /* Images.xcassets */,
				CABBCD30189520D50006213F /* Supporting Files */,
			);
			path = "RMPickerViewController-Demo";
			sourceTree = "<group>";
		};
		CABBCD30189520D50006213F /* Supporting Files */ = {
			isa = PBXGroup;
			children = (
				CABBCD7C189521D10006213F /* RMPickerViewController-Demo-Info.plist */,
				CABBCD7D189521D10006213F /* RMPickerViewController-Demo-Prefix.pch */,
				CABBCD35189520D50006213F /* main.m */,
			);
			name = "Supporting Files";
			sourceTree = "<group>";
		};
		CABBCD771895212F0006213F /* RMPickerViewController */ = {
			isa = PBXGroup;
			children = (
				CABBCD78189521C00006213F /* RMPickerViewController.h */,
				CABBCD79189521C00006213F /* RMPickerViewController.m */,
			);
			path = RMPickerViewController;
			sourceTree = "<group>";
		};
		CACEDE3D1AD15C7500A49ECF /* RMPickerViewController-DemoExtension */ = {
			isa = PBXGroup;
			children = (
				CACEDE431AD15C7500A49ECF /* MainInterface.storyboard */,
				CACEDE3E1AD15C7500A49ECF /* Supporting Files */,
			);
			path = "RMPickerViewController-DemoExtension";
			sourceTree = "<group>";
		};
		CACEDE3E1AD15C7500A49ECF /* Supporting Files */ = {
			isa = PBXGroup;
			children = (
				CACEDE3F1AD15C7500A49ECF /* Info.plist */,
			);
			name = "Supporting Files";
			sourceTree = "<group>";
		};
/* End PBXGroup section */

/* Begin PBXNativeTarget section */
		CABBCD25189520D50006213F /* RMPickerViewController-Demo */ = {
			isa = PBXNativeTarget;
			buildConfigurationList = CABBCD5B189520D60006213F /* Build configuration list for PBXNativeTarget "RMPickerViewController-Demo" */;
			buildPhases = (
				9300F802147223541A43F5FA /* Check Pods Manifest.lock */,
				CABBCD22189520D50006213F /* Sources */,
				CABBCD23189520D50006213F /* Frameworks */,
				CABBCD24189520D50006213F /* Resources */,
				CACEDE4B1AD15C7500A49ECF /* Embed App Extensions */,
				815C28B2A0C747311FFEF8C3 /* Copy Pods Resources */,
			);
			buildRules = (
			);
			dependencies = (
				CACEDE461AD15C7500A49ECF /* PBXTargetDependency */,
			);
			name = "RMPickerViewController-Demo";
			productName = "RMPickerViewController-Demo";
			productReference = CABBCD26189520D50006213F /* RMPickerViewController-Demo.app */;
			productType = "com.apple.product-type.application";
		};
		CACEDE3B1AD15C7500A49ECF /* RMPickerViewController-DemoExtension */ = {
			isa = PBXNativeTarget;
			buildConfigurationList = CACEDE481AD15C7500A49ECF /* Build configuration list for PBXNativeTarget "RMPickerViewController-DemoExtension" */;
			buildPhases = (
				8A0C384BBDEDDC027130EB18 /* Check Pods Manifest.lock */,
				CACEDE381AD15C7500A49ECF /* Sources */,
				CACEDE391AD15C7500A49ECF /* Frameworks */,
				CACEDE3A1AD15C7500A49ECF /* Resources */,
				01E6F9A575BA0C2E557682C3 /* Copy Pods Resources */,
			);
			buildRules = (
			);
			dependencies = (
			);
			name = "RMPickerViewController-DemoExtension";
			productName = "RMPickerViewController-DemoExtension";
			productReference = CACEDE3C1AD15C7500A49ECF /* RMPickerViewController-DemoExtension.appex */;
			productType = "com.apple.product-type.app-extension";
		};
/* End PBXNativeTarget section */

/* Begin PBXProject section */
		CABBCD1E189520D50006213F /* Project object */ = {
			isa = PBXProject;
			attributes = {
				CLASSPREFIX = RM;
				LastUpgradeCheck = 0510;
				ORGANIZATIONNAME = "Roland Moers";
				TargetAttributes = {
					CACEDE3B1AD15C7500A49ECF = {
						CreatedOnToolsVersion = 6.2;
					};
				};
			};
			buildConfigurationList = CABBCD21189520D50006213F /* Build configuration list for PBXProject "RMPickerViewController-Demo" */;
			compatibilityVersion = "Xcode 3.2";
			developmentRegion = English;
			hasScannedForEncodings = 0;
			knownRegions = (
				en,
				Base,
			);
			mainGroup = CABBCD1D189520D50006213F;
			productRefGroup = CABBCD27189520D50006213F /* Products */;
			projectDirPath = "";
			projectRoot = "";
			targets = (
				CABBCD25189520D50006213F /* RMPickerViewController-Demo */,
				CACEDE3B1AD15C7500A49ECF /* RMPickerViewController-DemoExtension */,
			);
		};
/* End PBXProject section */

/* Begin PBXResourcesBuildPhase section */
		CABBCD24189520D50006213F /* Resources */ = {
			isa = PBXResourcesBuildPhase;
			buildActionMask = 2147483647;
			files = (
				CA1E624B1A24D6840025A6A6 /* Launch Screen.xib in Resources */,
				CABBCD45189520D50006213F /* Images.xcassets in Resources */,
				CABBCD82189521D10006213F /* Main.storyboard in Resources */,
			);
			runOnlyForDeploymentPostprocessing = 0;
		};
		CACEDE3A1AD15C7500A49ECF /* Resources */ = {
			isa = PBXResourcesBuildPhase;
			buildActionMask = 2147483647;
			files = (
				CACEDE441AD15C7500A49ECF /* MainInterface.storyboard in Resources */,
			);
			runOnlyForDeploymentPostprocessing = 0;
		};
/* End PBXResourcesBuildPhase section */

/* Begin PBXShellScriptBuildPhase section */
		01E6F9A575BA0C2E557682C3 /* Copy Pods Resources */ = {
			isa = PBXShellScriptBuildPhase;
			buildActionMask = 2147483647;
			files = (
			);
			inputPaths = (
			);
			name = "Copy Pods Resources";
			outputPaths = (
			);
			runOnlyForDeploymentPostprocessing = 0;
			shellPath = /bin/sh;
			shellScript = "\"${SRCROOT}/Pods/Target Support Files/Pods/Pods-resources.sh\"\n";
			showEnvVarsInLog = 0;
		};
		815C28B2A0C747311FFEF8C3 /* Copy Pods Resources */ = {
			isa = PBXShellScriptBuildPhase;
			buildActionMask = 2147483647;
			files = (
			);
			inputPaths = (
			);
			name = "Copy Pods Resources";
			outputPaths = (
			);
			runOnlyForDeploymentPostprocessing = 0;
			shellPath = /bin/sh;
			shellScript = "\"${SRCROOT}/Pods/Target Support Files/Pods/Pods-resources.sh\"\n";
			showEnvVarsInLog = 0;
		};
		8A0C384BBDEDDC027130EB18 /* Check Pods Manifest.lock */ = {
			isa = PBXShellScriptBuildPhase;
			buildActionMask = 2147483647;
			files = (
			);
			inputPaths = (
			);
			name = "Check Pods Manifest.lock";
			outputPaths = (
			);
			runOnlyForDeploymentPostprocessing = 0;
			shellPath = /bin/sh;
			shellScript = "diff \"${PODS_ROOT}/../Podfile.lock\" \"${PODS_ROOT}/Manifest.lock\" > /dev/null\nif [[ $? != 0 ]] ; then\n    cat << EOM\nerror: The sandbox is not in sync with the Podfile.lock. Run 'pod install' or update your CocoaPods installation.\nEOM\n    exit 1\nfi\n";
			showEnvVarsInLog = 0;
		};
		9300F802147223541A43F5FA /* Check Pods Manifest.lock */ = {
			isa = PBXShellScriptBuildPhase;
			buildActionMask = 2147483647;
			files = (
			);
			inputPaths = (
			);
			name = "Check Pods Manifest.lock";
			outputPaths = (
			);
			runOnlyForDeploymentPostprocessing = 0;
			shellPath = /bin/sh;
			shellScript = "diff \"${PODS_ROOT}/../Podfile.lock\" \"${PODS_ROOT}/Manifest.lock\" > /dev/null\nif [[ $? != 0 ]] ; then\n    cat << EOM\nerror: The sandbox is not in sync with the Podfile.lock. Run 'pod install' or update your CocoaPods installation.\nEOM\n    exit 1\nfi\n";
			showEnvVarsInLog = 0;
		};
/* End PBXShellScriptBuildPhase section */

/* Begin PBXSourcesBuildPhase section */
		CABBCD22189520D50006213F /* Sources */ = {
			isa = PBXSourcesBuildPhase;
			buildActionMask = 2147483647;
			files = (
				CABBCD85189521D10006213F /* RMViewController.m in Sources */,
				CABBCD36189520D50006213F /* main.m in Sources */,
				CABBCD3A189520D50006213F /* RMAppDelegate.m in Sources */,
				CABBCD861895351E0006213F /* RMPickerViewController.m in Sources */,
			);
			runOnlyForDeploymentPostprocessing = 0;
		};
		CACEDE381AD15C7500A49ECF /* Sources */ = {
			isa = PBXSourcesBuildPhase;
			buildActionMask = 2147483647;
			files = (
				CACEDE4C1AD15C8200A49ECF /* RMViewController.m in Sources */,
				CACEDE4D1AD15C8400A49ECF /* RMPickerViewController.m in Sources */,
			);
			runOnlyForDeploymentPostprocessing = 0;
		};
/* End PBXSourcesBuildPhase section */

/* Begin PBXTargetDependency section */
		CACEDE461AD15C7500A49ECF /* PBXTargetDependency */ = {
			isa = PBXTargetDependency;
			target = CACEDE3B1AD15C7500A49ECF /* RMPickerViewController-DemoExtension */;
			targetProxy = CACEDE451AD15C7500A49ECF /* PBXContainerItemProxy */;
		};
/* End PBXTargetDependency section */

/* Begin XCBuildConfiguration section */
		CABBCD59189520D60006213F /* Debug */ = {
			isa = XCBuildConfiguration;
			buildSettings = {
				ALWAYS_SEARCH_USER_PATHS = NO;
				CLANG_CXX_LANGUAGE_STANDARD = "gnu++0x";
				CLANG_CXX_LIBRARY = "libc++";
				CLANG_ENABLE_MODULES = YES;
				CLANG_ENABLE_OBJC_ARC = YES;
				CLANG_WARN_BOOL_CONVERSION = YES;
				CLANG_WARN_CONSTANT_CONVERSION = YES;
				CLANG_WARN_DIRECT_OBJC_ISA_USAGE = YES_ERROR;
				CLANG_WARN_EMPTY_BODY = YES;
				CLANG_WARN_ENUM_CONVERSION = YES;
				CLANG_WARN_INT_CONVERSION = YES;
				CLANG_WARN_OBJC_ROOT_CLASS = YES_ERROR;
				CLANG_WARN__DUPLICATE_METHOD_MATCH = YES;
				"CODE_SIGN_IDENTITY[sdk=iphoneos*]" = "iPhone Developer";
				COPY_PHASE_STRIP = NO;
				GCC_C_LANGUAGE_STANDARD = gnu99;
				GCC_DYNAMIC_NO_PIC = NO;
				GCC_OPTIMIZATION_LEVEL = 0;
				GCC_PREPROCESSOR_DEFINITIONS = (
					"DEBUG=1",
					"$(inherited)",
				);
				GCC_SYMBOLS_PRIVATE_EXTERN = NO;
				GCC_WARN_64_TO_32_BIT_CONVERSION = YES;
				GCC_WARN_ABOUT_RETURN_TYPE = YES_ERROR;
				GCC_WARN_UNDECLARED_SELECTOR = YES;
				GCC_WARN_UNINITIALIZED_AUTOS = YES_AGGRESSIVE;
				GCC_WARN_UNUSED_FUNCTION = YES;
				GCC_WARN_UNUSED_VARIABLE = YES;
				IPHONEOS_DEPLOYMENT_TARGET = 7.0;
				ONLY_ACTIVE_ARCH = YES;
				SDKROOT = iphoneos;
			};
			name = Debug;
		};
		CABBCD5A189520D60006213F /* Release */ = {
			isa = XCBuildConfiguration;
			buildSettings = {
				ALWAYS_SEARCH_USER_PATHS = NO;
				CLANG_CXX_LANGUAGE_STANDARD = "gnu++0x";
				CLANG_CXX_LIBRARY = "libc++";
				CLANG_ENABLE_MODULES = YES;
				CLANG_ENABLE_OBJC_ARC = YES;
				CLANG_WARN_BOOL_CONVERSION = YES;
				CLANG_WARN_CONSTANT_CONVERSION = YES;
				CLANG_WARN_DIRECT_OBJC_ISA_USAGE = YES_ERROR;
				CLANG_WARN_EMPTY_BODY = YES;
				CLANG_WARN_ENUM_CONVERSION = YES;
				CLANG_WARN_INT_CONVERSION = YES;
				CLANG_WARN_OBJC_ROOT_CLASS = YES_ERROR;
				CLANG_WARN__DUPLICATE_METHOD_MATCH = YES;
				"CODE_SIGN_IDENTITY[sdk=iphoneos*]" = "iPhone Developer";
				COPY_PHASE_STRIP = YES;
				ENABLE_NS_ASSERTIONS = NO;
				GCC_C_LANGUAGE_STANDARD = gnu99;
				GCC_WARN_64_TO_32_BIT_CONVERSION = YES;
				GCC_WARN_ABOUT_RETURN_TYPE = YES_ERROR;
				GCC_WARN_UNDECLARED_SELECTOR = YES;
				GCC_WARN_UNINITIALIZED_AUTOS = YES_AGGRESSIVE;
				GCC_WARN_UNUSED_FUNCTION = YES;
				GCC_WARN_UNUSED_VARIABLE = YES;
				IPHONEOS_DEPLOYMENT_TARGET = 7.0;
				SDKROOT = iphoneos;
				VALIDATE_PRODUCT = YES;
			};
			name = Release;
		};
		CABBCD5C189520D60006213F /* Debug */ = {
			isa = XCBuildConfiguration;
			baseConfigurationReference = F9C0951546FA61A4F6301D66 /* Pods.debug.xcconfig */;
			buildSettings = {
				ASSETCATALOG_COMPILER_APPICON_NAME = AppIcon;
				ASSETCATALOG_COMPILER_LAUNCHIMAGE_NAME = LaunchImage;
				GCC_PRECOMPILE_PREFIX_HEADER = YES;
				GCC_PREFIX_HEADER = "RMPickerViewController-Demo/RMPickerViewController-Demo-Prefix.pch";
				INFOPLIST_FILE = "RMPickerViewController-Demo/RMPickerViewController-Demo-Info.plist";
				PRODUCT_NAME = "$(TARGET_NAME)";
				TARGETED_DEVICE_FAMILY = "1,2";
				WRAPPER_EXTENSION = app;
			};
			name = Debug;
		};
		CABBCD5D189520D60006213F /* Release */ = {
			isa = XCBuildConfiguration;
			baseConfigurationReference = 379C4BE9D5C0080CB2E1D517 /* Pods.release.xcconfig */;
			buildSettings = {
				ASSETCATALOG_COMPILER_APPICON_NAME = AppIcon;
				ASSETCATALOG_COMPILER_LAUNCHIMAGE_NAME = LaunchImage;
				GCC_PRECOMPILE_PREFIX_HEADER = YES;
				GCC_PREFIX_HEADER = "RMPickerViewController-Demo/RMPickerViewController-Demo-Prefix.pch";
				INFOPLIST_FILE = "RMPickerViewController-Demo/RMPickerViewController-Demo-Info.plist";
				PRODUCT_NAME = "$(TARGET_NAME)";
				TARGETED_DEVICE_FAMILY = "1,2";
				WRAPPER_EXTENSION = app;
			};
			name = Release;
		};
		CACEDE491AD15C7500A49ECF /* Debug */ = {
			isa = XCBuildConfiguration;
			baseConfigurationReference = F9C0951546FA61A4F6301D66 /* Pods.debug.xcconfig */;
			buildSettings = {
				CLANG_WARN_UNREACHABLE_CODE = YES;
				ENABLE_STRICT_OBJC_MSGSEND = YES;
				GCC_PREPROCESSOR_DEFINITIONS = (
					"DEBUG=1",
					"$(inherited)",
				);
				INFOPLIST_FILE = "RMPickerViewController-DemoExtension/Info.plist";
				IPHONEOS_DEPLOYMENT_TARGET = 8.0;
				LD_RUNPATH_SEARCH_PATHS = "$(inherited) @executable_path/Frameworks @executable_path/../../Frameworks";
				MTL_ENABLE_DEBUG_INFO = YES;
				PRODUCT_NAME = "$(TARGET_NAME)";
				SKIP_INSTALL = YES;
			};
			name = Debug;
		};
		CACEDE4A1AD15C7500A49ECF /* Release */ = {
			isa = XCBuildConfiguration;
			baseConfigurationReference = 379C4BE9D5C0080CB2E1D517 /* Pods.release.xcconfig */;
			buildSettings = {
				CLANG_WARN_UNREACHABLE_CODE = YES;
				COPY_PHASE_STRIP = NO;
				ENABLE_STRICT_OBJC_MSGSEND = YES;
				INFOPLIST_FILE = "RMPickerViewController-DemoExtension/Info.plist";
				IPHONEOS_DEPLOYMENT_TARGET = 8.0;
				LD_RUNPATH_SEARCH_PATHS = "$(inherited) @executable_path/Frameworks @executable_path/../../Frameworks";
				MTL_ENABLE_DEBUG_INFO = NO;
				PRODUCT_NAME = "$(TARGET_NAME)";
				SKIP_INSTALL = YES;
			};
			name = Release;
		};
/* End XCBuildConfiguration section */

/* Begin XCConfigurationList section */
		CABBCD21189520D50006213F /* Build configuration list for PBXProject "RMPickerViewController-Demo" */ = {
			isa = XCConfigurationList;
			buildConfigurations = (
				CABBCD59189520D60006213F /* Debug */,
				CABBCD5A189520D60006213F /* Release */,
			);
			defaultConfigurationIsVisible = 0;
			defaultConfigurationName = Release;
		};
		CABBCD5B189520D60006213F /* Build configuration list for PBXNativeTarget "RMPickerViewController-Demo" */ = {
			isa = XCConfigurationList;
			buildConfigurations = (
				CABBCD5C189520D60006213F /* Debug */,
				CABBCD5D189520D60006213F /* Release */,
			);
			defaultConfigurationIsVisible = 0;
			defaultConfigurationName = Release;
		};
		CACEDE481AD15C7500A49ECF /* Build configuration list for PBXNativeTarget "RMPickerViewController-DemoExtension" */ = {
			isa = XCConfigurationList;
			buildConfigurations = (
				CACEDE491AD15C7500A49ECF /* Debug */,
				CACEDE4A1AD15C7500A49ECF /* Release */,
			);
			defaultConfigurationIsVisible = 0;
			defaultConfigurationName = Release;
		};
/* End XCConfigurationList section */
	};
	rootObject = CABBCD1E189520D50006213F /* Project object */;
}
