// !$*UTF8*$!
{
	archiveVersion = 1;
	classes = {
	};
	objectVersion = 46;
	objects = {

/* Begin PBXBuildFile section */
		CA04D6AE18990BBF00A5E59B /* RMPickerViewControllerTests.m in Sources */ = {isa = PBXBuildFile; fileRef = CA04D6AD18990BBF00A5E59B /* RMPickerViewControllerTests.m */; };
		CABBCD2A189520D50006213F /* Foundation.framework in Frameworks */ = {isa = PBXBuildFile; fileRef = CABBCD29189520D50006213F /* Foundation.framework */; };
		CABBCD2C189520D50006213F /* CoreGraphics.framework in Frameworks */ = {isa = PBXBuildFile; fileRef = CABBCD2B189520D50006213F /* CoreGraphics.framework */; };
		CABBCD2E189520D50006213F /* UIKit.framework in Frameworks */ = {isa = PBXBuildFile; fileRef = CABBCD2D189520D50006213F /* UIKit.framework */; };
		CABBCD36189520D50006213F /* main.m in Sources */ = {isa = PBXBuildFile; fileRef = CABBCD35189520D50006213F /* main.m */; };
		CABBCD3A189520D50006213F /* RMAppDelegate.m in Sources */ = {isa = PBXBuildFile; fileRef = CABBCD39189520D50006213F /* RMAppDelegate.m */; };
		CABBCD45189520D50006213F /* Images.xcassets in Resources */ = {isa = PBXBuildFile; fileRef = CABBCD44189520D50006213F /* Images.xcassets */; };
		CABBCD66189521190006213F /* XCTest.framework in Frameworks */ = {isa = PBXBuildFile; fileRef = CABBCD4B189520D60006213F /* XCTest.framework */; };
		CABBCD67189521190006213F /* Foundation.framework in Frameworks */ = {isa = PBXBuildFile; fileRef = CABBCD29189520D50006213F /* Foundation.framework */; };
		CABBCD68189521190006213F /* UIKit.framework in Frameworks */ = {isa = PBXBuildFile; fileRef = CABBCD2D189520D50006213F /* UIKit.framework */; };
		CABBCD6E189521190006213F /* InfoPlist.strings in Resources */ = {isa = PBXBuildFile; fileRef = CABBCD6C189521190006213F /* InfoPlist.strings */; };
		CABBCD82189521D10006213F /* Main.storyboard in Resources */ = {isa = PBXBuildFile; fileRef = CABBCD7B189521D10006213F /* Main.storyboard */; };
		CABBCD85189521D10006213F /* RMViewController.m in Sources */ = {isa = PBXBuildFile; fileRef = CABBCD81189521D10006213F /* RMViewController.m */; };
		CABBCD861895351E0006213F /* RMPickerViewController.m in Sources */ = {isa = PBXBuildFile; fileRef = CABBCD79189521C00006213F /* RMPickerViewController.m */; };
		CAFFF2C219A739E100432B37 /* Main_iPad.storyboard in Resources */ = {isa = PBXBuildFile; fileRef = CAFFF2C119A739E100432B37 /* Main_iPad.storyboard */; };
/* End PBXBuildFile section */

/* Begin PBXContainerItemProxy section */
		CABBCD72189521190006213F /* PBXContainerItemProxy */ = {
			isa = PBXContainerItemProxy;
			containerPortal = CABBCD1E189520D50006213F /* Project object */;
			proxyType = 1;
			remoteGlobalIDString = CABBCD25189520D50006213F;
			remoteInfo = "RMPickerViewController-Demo";
		};
/* End PBXContainerItemProxy section */

/* Begin PBXFileReference section */
		CA04D6AD18990BBF00A5E59B /* RMPickerViewControllerTests.m */ = {isa = PBXFileReference; fileEncoding = 4; lastKnownFileType = sourcecode.c.objc; path = RMPickerViewControllerTests.m; sourceTree = "<group>"; };
		CABBCD26189520D50006213F /* RMPickerViewController-Demo.app */ = {isa = PBXFileReference; explicitFileType = wrapper.application; includeInIndex = 0; path = "RMPickerViewController-Demo.app"; sourceTree = BUILT_PRODUCTS_DIR; };
		CABBCD29189520D50006213F /* Foundation.framework */ = {isa = PBXFileReference; lastKnownFileType = wrapper.framework; name = Foundation.framework; path = System/Library/Frameworks/Foundation.framework; sourceTree = SDKROOT; };
		CABBCD2B189520D50006213F /* CoreGraphics.framework */ = {isa = PBXFileReference; lastKnownFileType = wrapper.framework; name = CoreGraphics.framework; path = System/Library/Frameworks/CoreGraphics.framework; sourceTree = SDKROOT; };
		CABBCD2D189520D50006213F /* UIKit.framework */ = {isa = PBXFileReference; lastKnownFileType = wrapper.framework; name = UIKit.framework; path = System/Library/Frameworks/UIKit.framework; sourceTree = SDKROOT; };
		CABBCD35189520D50006213F /* main.m */ = {isa = PBXFileReference; lastKnownFileType = sourcecode.c.objc; path = main.m; sourceTree = "<group>"; };
		CABBCD38189520D50006213F /* RMAppDelegate.h */ = {isa = PBXFileReference; lastKnownFileType = sourcecode.c.h; path = RMAppDelegate.h; sourceTree = "<group>"; };
		CABBCD39189520D50006213F /* RMAppDelegate.m */ = {isa = PBXFileReference; lastKnownFileType = sourcecode.c.objc; path = RMAppDelegate.m; sourceTree = "<group>"; };
		CABBCD44189520D50006213F /* Images.xcassets */ = {isa = PBXFileReference; lastKnownFileType = folder.assetcatalog; path = Images.xcassets; sourceTree = "<group>"; };
		CABBCD4B189520D60006213F /* XCTest.framework */ = {isa = PBXFileReference; lastKnownFileType = wrapper.framework; name = XCTest.framework; path = Library/Frameworks/XCTest.framework; sourceTree = DEVELOPER_DIR; };
		CABBCD65189521190006213F /* RMPickerViewController-Tests.xctest */ = {isa = PBXFileReference; explicitFileType = wrapper.cfbundle; includeInIndex = 0; path = "RMPickerViewController-Tests.xctest"; sourceTree = BUILT_PRODUCTS_DIR; };
		CABBCD6B189521190006213F /* RMPickerViewController-Tests-Info.plist */ = {isa = PBXFileReference; lastKnownFileType = text.plist.xml; path = "RMPickerViewController-Tests-Info.plist"; sourceTree = "<group>"; };
		CABBCD6D189521190006213F /* en */ = {isa = PBXFileReference; lastKnownFileType = text.plist.strings; name = en; path = en.lproj/InfoPlist.strings; sourceTree = "<group>"; };
		CABBCD71189521190006213F /* RMPickerViewController-Tests-Prefix.pch */ = {isa = PBXFileReference; lastKnownFileType = sourcecode.c.h; path = "RMPickerViewController-Tests-Prefix.pch"; sourceTree = "<group>"; };
		CABBCD78189521C00006213F /* RMPickerViewController.h */ = {isa = PBXFileReference; fileEncoding = 4; lastKnownFileType = sourcecode.c.h; path = RMPickerViewController.h; sourceTree = "<group>"; };
		CABBCD79189521C00006213F /* RMPickerViewController.m */ = {isa = PBXFileReference; fileEncoding = 4; lastKnownFileType = sourcecode.c.objc; path = RMPickerViewController.m; sourceTree = "<group>"; };
		CABBCD7B189521D10006213F /* Main.storyboard */ = {isa = PBXFileReference; fileEncoding = 4; lastKnownFileType = file.storyboard; path = Main.storyboard; sourceTree = "<group>"; };
		CABBCD7C189521D10006213F /* RMPickerViewController-Demo-Info.plist */ = {isa = PBXFileReference; fileEncoding = 4; lastKnownFileType = text.plist.xml; path = "RMPickerViewController-Demo-Info.plist"; sourceTree = "<group>"; };
		CABBCD7D189521D10006213F /* RMPickerViewController-Demo-Prefix.pch */ = {isa = PBXFileReference; fileEncoding = 4; lastKnownFileType = sourcecode.c.h; path = "RMPickerViewController-Demo-Prefix.pch"; sourceTree = "<group>"; };
		CABBCD80189521D10006213F /* RMViewController.h */ = {isa = PBXFileReference; fileEncoding = 4; lastKnownFileType = sourcecode.c.h; path = RMViewController.h; sourceTree = "<group>"; };
		CABBCD81189521D10006213F /* RMViewController.m */ = {isa = PBXFileReference; fileEncoding = 4; lastKnownFileType = sourcecode.c.objc; path = RMViewController.m; sourceTree = "<group>"; };
		CAFFF2C119A739E100432B37 /* Main_iPad.storyboard */ = {isa = PBXFileReference; fileEncoding = 4; lastKnownFileType = file.storyboard; path = Main_iPad.storyboard; sourceTree = "<group>"; };
/* End PBXFileReference section */

/* Begin PBXFrameworksBuildPhase section */
		CABBCD23189520D50006213F /* Frameworks */ = {
			isa = PBXFrameworksBuildPhase;
			buildActionMask = 2147483647;
			files = (
				CABBCD2C189520D50006213F /* CoreGraphics.framework in Frameworks */,
				CABBCD2E189520D50006213F /* UIKit.framework in Frameworks */,
				CABBCD2A189520D50006213F /* Foundation.framework in Frameworks */,
			);
			runOnlyForDeploymentPostprocessing = 0;
		};
		CABBCD62189521190006213F /* Frameworks */ = {
			isa = PBXFrameworksBuildPhase;
			buildActionMask = 2147483647;
			files = (
				CABBCD66189521190006213F /* XCTest.framework in Frameworks */,
				CABBCD68189521190006213F /* UIKit.framework in Frameworks */,
				CABBCD67189521190006213F /* Foundation.framework in Frameworks */,
			);
			runOnlyForDeploymentPostprocessing = 0;
		};
/* End PBXFrameworksBuildPhase section */

/* Begin PBXGroup section */
		CABBCD1D189520D50006213F = {
			isa = PBXGroup;
			children = (
				CABBCD771895212F0006213F /* RMPickerViewController */,
				CABBCD2F189520D50006213F /* RMPickerViewController-Demo */,
				CABBCD69189521190006213F /* RMPickerViewController-Tests */,
				CABBCD28189520D50006213F /* Frameworks */,
				CABBCD27189520D50006213F /* Products */,
			);
			sourceTree = "<group>";
		};
		CABBCD27189520D50006213F /* Products */ = {
			isa = PBXGroup;
			children = (
				CABBCD26189520D50006213F /* RMPickerViewController-Demo.app */,
				CABBCD65189521190006213F /* RMPickerViewController-Tests.xctest */,
			);
			name = Products;
			sourceTree = "<group>";
		};
		CABBCD28189520D50006213F /* Frameworks */ = {
			isa = PBXGroup;
			children = (
				CABBCD29189520D50006213F /* Foundation.framework */,
				CABBCD2B189520D50006213F /* CoreGraphics.framework */,
				CABBCD2D189520D50006213F /* UIKit.framework */,
				CABBCD4B189520D60006213F /* XCTest.framework */,
			);
			name = Frameworks;
			sourceTree = "<group>";
		};
		CABBCD2F189520D50006213F /* RMPickerViewController-Demo */ = {
			isa = PBXGroup;
			children = (
				CABBCD38189520D50006213F /* RMAppDelegate.h */,
				CABBCD39189520D50006213F /* RMAppDelegate.m */,
				CABBCD7B189521D10006213F /* Main.storyboard */,
				CAFFF2C119A739E100432B37 /* Main_iPad.storyboard */,
				CABBCD80189521D10006213F /* RMViewController.h */,
				CABBCD81189521D10006213F /* RMViewController.m */,
				CABBCD44189520D50006213F /* Images.xcassets */,
				CABBCD30189520D50006213F /* Supporting Files */,
			);
			path = "RMPickerViewController-Demo";
			sourceTree = "<group>";
		};
		CABBCD30189520D50006213F /* Supporting Files */ = {
			isa = PBXGroup;
			children = (
				CABBCD7C189521D10006213F /* RMPickerViewController-Demo-Info.plist */,
				CABBCD7D189521D10006213F /* RMPickerViewController-Demo-Prefix.pch */,
				CABBCD35189520D50006213F /* main.m */,
			);
			name = "Supporting Files";
			sourceTree = "<group>";
		};
		CABBCD69189521190006213F /* RMPickerViewController-Tests */ = {
			isa = PBXGroup;
			children = (
				CABBCD6A189521190006213F /* Supporting Files */,
				CA04D6AD18990BBF00A5E59B /* RMPickerViewControllerTests.m */,
			);
			path = "RMPickerViewController-Tests";
			sourceTree = "<group>";
		};
		CABBCD6A189521190006213F /* Supporting Files */ = {
			isa = PBXGroup;
			children = (
				CABBCD6B189521190006213F /* RMPickerViewController-Tests-Info.plist */,
				CABBCD6C189521190006213F /* InfoPlist.strings */,
				CABBCD71189521190006213F /* RMPickerViewController-Tests-Prefix.pch */,
			);
			name = "Supporting Files";
			sourceTree = "<group>";
		};
		CABBCD771895212F0006213F /* RMPickerViewController */ = {
			isa = PBXGroup;
			children = (
				CABBCD78189521C00006213F /* RMPickerViewController.h */,
				CABBCD79189521C00006213F /* RMPickerViewController.m */,
			);
			path = RMPickerViewController;
			sourceTree = "<group>";
		};
/* End PBXGroup section */

/* Begin PBXNativeTarget section */
		CABBCD25189520D50006213F /* RMPickerViewController-Demo */ = {
			isa = PBXNativeTarget;
			buildConfigurationList = CABBCD5B189520D60006213F /* Build configuration list for PBXNativeTarget "RMPickerViewController-Demo" */;
			buildPhases = (
				CABBCD22189520D50006213F /* Sources */,
				CABBCD23189520D50006213F /* Frameworks */,
				CABBCD24189520D50006213F /* Resources */,
			);
			buildRules = (
			);
			dependencies = (
			);
			name = "RMPickerViewController-Demo";
			productName = "RMPickerViewController-Demo";
			productReference = CABBCD26189520D50006213F /* RMPickerViewController-Demo.app */;
			productType = "com.apple.product-type.application";
		};
		CABBCD64189521190006213F /* RMPickerViewController-Tests */ = {
			isa = PBXNativeTarget;
			buildConfigurationList = CABBCD76189521190006213F /* Build configuration list for PBXNativeTarget "RMPickerViewController-Tests" */;
			buildPhases = (
				CABBCD61189521190006213F /* Sources */,
				CABBCD62189521190006213F /* Frameworks */,
				CABBCD63189521190006213F /* Resources */,
			);
			buildRules = (
			);
			dependencies = (
				CABBCD73189521190006213F /* PBXTargetDependency */,
			);
			name = "RMPickerViewController-Tests";
			productName = "RMPickerViewController-Tests";
			productReference = CABBCD65189521190006213F /* RMPickerViewController-Tests.xctest */;
			productType = "com.apple.product-type.bundle.unit-test";
		};
/* End PBXNativeTarget section */

/* Begin PBXProject section */
		CABBCD1E189520D50006213F /* Project object */ = {
			isa = PBXProject;
			attributes = {
				CLASSPREFIX = RM;
				LastUpgradeCheck = 0510;
				ORGANIZATIONNAME = "Roland Moers";
				TargetAttributes = {
					CABBCD64189521190006213F = {
						TestTargetID = CABBCD25189520D50006213F;
					};
				};
			};
			buildConfigurationList = CABBCD21189520D50006213F /* Build configuration list for PBXProject "RMPickerViewController-Demo" */;
			compatibilityVersion = "Xcode 3.2";
			developmentRegion = English;
			hasScannedForEncodings = 0;
			knownRegions = (
				en,
				Base,
			);
			mainGroup = CABBCD1D189520D50006213F;
			productRefGroup = CABBCD27189520D50006213F /* Products */;
			projectDirPath = "";
			projectRoot = "";
			targets = (
				CABBCD25189520D50006213F /* RMPickerViewController-Demo */,
				CABBCD64189521190006213F /* RMPickerViewController-Tests */,
			);
		};
/* End PBXProject section */

/* Begin PBXResourcesBuildPhase section */
		CABBCD24189520D50006213F /* Resources */ = {
			isa = PBXResourcesBuildPhase;
			buildActionMask = 2147483647;
			files = (
				CAFFF2C219A739E100432B37 /* Main_iPad.storyboard in Resources */,
				CABBCD45189520D50006213F /* Images.xcassets in Resources */,
				CABBCD82189521D10006213F /* Main.storyboard in Resources */,
			);
			runOnlyForDeploymentPostprocessing = 0;
		};
		CABBCD63189521190006213F /* Resources */ = {
			isa = PBXResourcesBuildPhase;
			buildActionMask = 2147483647;
			files = (
				CABBCD6E189521190006213F /* InfoPlist.strings in Resources */,
			);
			runOnlyForDeploymentPostprocessing = 0;
		};
/* End PBXResourcesBuildPhase section */

/* Begin PBXSourcesBuildPhase section */
		CABBCD22189520D50006213F /* Sources */ = {
			isa = PBXSourcesBuildPhase;
			buildActionMask = 2147483647;
			files = (
				CABBCD85189521D10006213F /* RMViewController.m in Sources */,
				CABBCD36189520D50006213F /* main.m in Sources */,
				CABBCD3A189520D50006213F /* RMAppDelegate.m in Sources */,
				CABBCD861895351E0006213F /* RMPickerViewController.m in Sources */,
			);
			runOnlyForDeploymentPostprocessing = 0;
		};
		CABBCD61189521190006213F /* Sources */ = {
			isa = PBXSourcesBuildPhase;
			buildActionMask = 2147483647;
			files = (
				CA04D6AE18990BBF00A5E59B /* RMPickerViewControllerTests.m in Sources */,
			);
			runOnlyForDeploymentPostprocessing = 0;
		};
/* End PBXSourcesBuildPhase section */

/* Begin PBXTargetDependency section */
		CABBCD73189521190006213F /* PBXTargetDependency */ = {
			isa = PBXTargetDependency;
			target = CABBCD25189520D50006213F /* RMPickerViewController-Demo */;
			targetProxy = CABBCD72189521190006213F /* PBXContainerItemProxy */;
		};
/* End PBXTargetDependency section */

/* Begin PBXVariantGroup section */
		CABBCD6C189521190006213F /* InfoPlist.strings */ = {
			isa = PBXVariantGroup;
			children = (
				CABBCD6D189521190006213F /* en */,
			);
			name = InfoPlist.strings;
			sourceTree = "<group>";
		};
/* End PBXVariantGroup section */

/* Begin XCBuildConfiguration section */
		CABBCD59189520D60006213F /* Debug */ = {
			isa = XCBuildConfiguration;
			buildSettings = {
				ALWAYS_SEARCH_USER_PATHS = NO;
				CLANG_CXX_LANGUAGE_STANDARD = "gnu++0x";
				CLANG_CXX_LIBRARY = "libc++";
				CLANG_ENABLE_MODULES = YES;
				CLANG_ENABLE_OBJC_ARC = YES;
				CLANG_WARN_BOOL_CONVERSION = YES;
				CLANG_WARN_CONSTANT_CONVERSION = YES;
				CLANG_WARN_DIRECT_OBJC_ISA_USAGE = YES_ERROR;
				CLANG_WARN_EMPTY_BODY = YES;
				CLANG_WARN_ENUM_CONVERSION = YES;
				CLANG_WARN_INT_CONVERSION = YES;
				CLANG_WARN_OBJC_ROOT_CLASS = YES_ERROR;
				CLANG_WARN__DUPLICATE_METHOD_MATCH = YES;
				"CODE_SIGN_IDENTITY[sdk=iphoneos*]" = "iPhone Developer";
				COPY_PHASE_STRIP = NO;
				GCC_C_LANGUAGE_STANDARD = gnu99;
				GCC_DYNAMIC_NO_PIC = NO;
				GCC_OPTIMIZATION_LEVEL = 0;
				GCC_PREPROCESSOR_DEFINITIONS = (
					"DEBUG=1",
					"$(inherited)",
				);
				GCC_SYMBOLS_PRIVATE_EXTERN = NO;
				GCC_WARN_64_TO_32_BIT_CONVERSION = YES;
				GCC_WARN_ABOUT_RETURN_TYPE = YES_ERROR;
				GCC_WARN_UNDECLARED_SELECTOR = YES;
				GCC_WARN_UNINITIALIZED_AUTOS = YES_AGGRESSIVE;
				GCC_WARN_UNUSED_FUNCTION = YES;
				GCC_WARN_UNUSED_VARIABLE = YES;
				IPHONEOS_DEPLOYMENT_TARGET = 7.0;
				ONLY_ACTIVE_ARCH = YES;
				SDKROOT = iphoneos;
			};
			name = Debug;
		};
		CABBCD5A189520D60006213F /* Release */ = {
			isa = XCBuildConfiguration;
			buildSettings = {
				ALWAYS_SEARCH_USER_PATHS = NO;
				CLANG_CXX_LANGUAGE_STANDARD = "gnu++0x";
				CLANG_CXX_LIBRARY = "libc++";
				CLANG_ENABLE_MODULES = YES;
				CLANG_ENABLE_OBJC_ARC = YES;
				CLANG_WARN_BOOL_CONVERSION = YES;
				CLANG_WARN_CONSTANT_CONVERSION = YES;
				CLANG_WARN_DIRECT_OBJC_ISA_USAGE = YES_ERROR;
				CLANG_WARN_EMPTY_BODY = YES;
				CLANG_WARN_ENUM_CONVERSION = YES;
				CLANG_WARN_INT_CONVERSION = YES;
				CLANG_WARN_OBJC_ROOT_CLASS = YES_ERROR;
				CLANG_WARN__DUPLICATE_METHOD_MATCH = YES;
				"CODE_SIGN_IDENTITY[sdk=iphoneos*]" = "iPhone Developer";
				COPY_PHASE_STRIP = YES;
				ENABLE_NS_ASSERTIONS = NO;
				GCC_C_LANGUAGE_STANDARD = gnu99;
				GCC_WARN_64_TO_32_BIT_CONVERSION = YES;
				GCC_WARN_ABOUT_RETURN_TYPE = YES_ERROR;
				GCC_WARN_UNDECLARED_SELECTOR = YES;
				GCC_WARN_UNINITIALIZED_AUTOS = YES_AGGRESSIVE;
				GCC_WARN_UNUSED_FUNCTION = YES;
				GCC_WARN_UNUSED_VARIABLE = YES;
				IPHONEOS_DEPLOYMENT_TARGET = 7.0;
				SDKROOT = iphoneos;
				VALIDATE_PRODUCT = YES;
			};
			name = Release;
		};
		CABBCD5C189520D60006213F /* Debug */ = {
			isa = XCBuildConfiguration;
			buildSettings = {
				ASSETCATALOG_COMPILER_APPICON_NAME = AppIcon;
				ASSETCATALOG_COMPILER_LAUNCHIMAGE_NAME = LaunchImage;
				GCC_PRECOMPILE_PREFIX_HEADER = YES;
				GCC_PREFIX_HEADER = "RMPickerViewController-Demo/RMPickerViewController-Demo-Prefix.pch";
				INFOPLIST_FILE = "RMPickerViewController-Demo/RMPickerViewController-Demo-Info.plist";
				PRODUCT_NAME = "$(TARGET_NAME)";
				TARGETED_DEVICE_FAMILY = "1,2";
				WRAPPER_EXTENSION = app;
			};
			name = Debug;
		};
		CABBCD5D189520D60006213F /* Release */ = {
			isa = XCBuildConfiguration;
			buildSettings = {
				ASSETCATALOG_COMPILER_APPICON_NAME = AppIcon;
				ASSETCATALOG_COMPILER_LAUNCHIMAGE_NAME = LaunchImage;
				GCC_PRECOMPILE_PREFIX_HEADER = YES;
				GCC_PREFIX_HEADER = "RMPickerViewController-Demo/RMPickerViewController-Demo-Prefix.pch";
				INFOPLIST_FILE = "RMPickerViewController-Demo/RMPickerViewController-Demo-Info.plist";
				PRODUCT_NAME = "$(TARGET_NAME)";
				TARGETED_DEVICE_FAMILY = "1,2";
				WRAPPER_EXTENSION = app;
			};
			name = Release;
		};
		CABBCD74189521190006213F /* Debug */ = {
			isa = XCBuildConfiguration;
			buildSettings = {
				BUNDLE_LOADER = "$(BUILT_PRODUCTS_DIR)/RMPickerViewController-Demo.app/RMPickerViewController-Demo";
				FRAMEWORK_SEARCH_PATHS = (
					"$(SDKROOT)/Developer/Library/Frameworks",
					"$(inherited)",
					"$(DEVELOPER_FRAMEWORKS_DIR)",
				);
				GCC_PRECOMPILE_PREFIX_HEADER = YES;
				GCC_PREFIX_HEADER = "RMPickerViewController-Tests/RMPickerViewController-Tests-Prefix.pch";
				GCC_PREPROCESSOR_DEFINITIONS = (
					"DEBUG=1",
					"$(inherited)",
				);
				INFOPLIST_FILE = "RMPickerViewController-Tests/RMPickerViewController-Tests-Info.plist";
				PRODUCT_NAME = "$(TARGET_NAME)";
				TEST_HOST = "$(BUNDLE_LOADER)";
				WRAPPER_EXTENSION = xctest;
			};
			name = Debug;
		};
		CABBCD75189521190006213F /* Release */ = {
			isa = XCBuildConfiguration;
			buildSettings = {
				BUNDLE_LOADER = "$(BUILT_PRODUCTS_DIR)/RMPickerViewController-Demo.app/RMPickerViewController-Demo";
				FRAMEWORK_SEARCH_PATHS = (
					"$(SDKROOT)/Developer/Library/Frameworks",
					"$(inherited)",
					"$(DEVELOPER_FRAMEWORKS_DIR)",
				);
				GCC_PRECOMPILE_PREFIX_HEADER = YES;
				GCC_PREFIX_HEADER = "RMPickerViewController-Tests/RMPickerViewController-Tests-Prefix.pch";
				INFOPLIST_FILE = "RMPickerViewController-Tests/RMPickerViewController-Tests-Info.plist";
				PRODUCT_NAME = "$(TARGET_NAME)";
				TEST_HOST = "$(BUNDLE_LOADER)";
				WRAPPER_EXTENSION = xctest;
			};
			name = Release;
		};
/* End XCBuildConfiguration section */

/* Begin XCConfigurationList section */
		CABBCD21189520D50006213F /* Build configuration list for PBXProject "RMPickerViewController-Demo" */ = {
			isa = XCConfigurationList;
			buildConfigurations = (
				CABBCD59189520D60006213F /* Debug */,
				CABBCD5A189520D60006213F /* Release */,
			);
			defaultConfigurationIsVisible = 0;
			defaultConfigurationName = Release;
		};
		CABBCD5B189520D60006213F /* Build configuration list for PBXNativeTarget "RMPickerViewController-Demo" */ = {
			isa = XCConfigurationList;
			buildConfigurations = (
				CABBCD5C189520D60006213F /* Debug */,
				CABBCD5D189520D60006213F /* Release */,
			);
			defaultConfigurationIsVisible = 0;
			defaultConfigurationName = Release;
		};
		CABBCD76189521190006213F /* Build configuration list for PBXNativeTarget "RMPickerViewController-Tests" */ = {
			isa = XCConfigurationList;
			buildConfigurations = (
				CABBCD74189521190006213F /* Debug */,
				CABBCD75189521190006213F /* Release */,
			);
			defaultConfigurationIsVisible = 0;
			defaultConfigurationName = Release;
		};
/* End XCConfigurationList section */
	};
	rootObject = CABBCD1E189520D50006213F /* Project object */;
}
